// !$*UTF8*$!
{
	archiveVersion = 1;
	classes = {
	};
	objectVersion = 56;
	objects = {

/* Begin PBXBuildFile section */
		ED2923B22C636143006C1251 /* AppDelegate.swift in Sources */ = {isa = PBXBuildFile; fileRef = ED2923B12C636143006C1251 /* AppDelegate.swift */; };
		ED2923B42C636143006C1251 /* SceneDelegate.swift in Sources */ = {isa = PBXBuildFile; fileRef = ED2923B32C636143006C1251 /* SceneDelegate.swift */; };
		ED2923B62C636143006C1251 /* ViewController.swift in Sources */ = {isa = PBXBuildFile; fileRef = ED2923B52C636143006C1251 /* ViewController.swift */; };
		ED2923B92C636143006C1251 /* Base in Resources */ = {isa = PBXBuildFile; fileRef = ED2923B82C636143006C1251 /* Base */; };
		ED2923BB2C636144006C1251 /* Assets.xcassets in Resources */ = {isa = PBXBuildFile; fileRef = ED2923BA2C636144006C1251 /* Assets.xcassets */; };
		ED2923BE2C636144006C1251 /* Base in Resources */ = {isa = PBXBuildFile; fileRef = ED2923BD2C636144006C1251 /* Base */; };
		ED2923E22C6361A4006C1251 /* SignupFormModelValidatorTests.swift in Sources */ = {isa = PBXBuildFile; fileRef = ED2923E12C6361A4006C1251 /* SignupFormModelValidatorTests.swift */; };
		ED2923E42C6362D1006C1251 /* SignupFormModelValidator.swift in Sources */ = {isa = PBXBuildFile; fileRef = ED2923E32C6362D1006C1251 /* SignupFormModelValidator.swift */; };
		ED2923E62C636C3A006C1251 /* SignupConstants.swift in Sources */ = {isa = PBXBuildFile; fileRef = ED2923E52C636C3A006C1251 /* SignupConstants.swift */; };
		ED2923E82C6A0634006C1251 /* SignupWebServiceTests.swift in Sources */ = {isa = PBXBuildFile; fileRef = ED2923E72C6A0634006C1251 /* SignupWebServiceTests.swift */; };
		ED2923EA2C6A072C006C1251 /* SignupWebService.swift in Sources */ = {isa = PBXBuildFile; fileRef = ED2923E92C6A072C006C1251 /* SignupWebService.swift */; };
		ED2923EC2C6A0C1E006C1251 /* SignupFormRequestModel.swift in Sources */ = {isa = PBXBuildFile; fileRef = ED2923EB2C6A0C1E006C1251 /* SignupFormRequestModel.swift */; };
		ED2923EE2C6A10AF006C1251 /* SignupResponseModel.swift in Sources */ = {isa = PBXBuildFile; fileRef = ED2923ED2C6A10AF006C1251 /* SignupResponseModel.swift */; };
		ED2923F02C6A1624006C1251 /* SignupError.swift in Sources */ = {isa = PBXBuildFile; fileRef = ED2923EF2C6A1624006C1251 /* SignupError.swift */; };
		ED2923F92C6BB50B006C1251 /* MockURLProtocol.swift in Sources */ = {isa = PBXBuildFile; fileRef = ED2923F82C6BB50B006C1251 /* MockURLProtocol.swift */; };
/* End PBXBuildFile section */

/* Begin PBXContainerItemProxy section */
		ED2923C52C636144006C1251 /* PBXContainerItemProxy */ = {
			isa = PBXContainerItemProxy;
			containerPortal = ED2923A62C636143006C1251 /* Project object */;
			proxyType = 1;
			remoteGlobalIDString = ED2923AD2C636143006C1251;
			remoteInfo = PhotoApp;
		};
/* End PBXContainerItemProxy section */

/* Begin PBXFileReference section */
		ED2923AE2C636143006C1251 /* PhotoApp.app */ = {isa = PBXFileReference; explicitFileType = wrapper.application; includeInIndex = 0; path = PhotoApp.app; sourceTree = BUILT_PRODUCTS_DIR; };
		ED2923B12C636143006C1251 /* AppDelegate.swift */ = {isa = PBXFileReference; lastKnownFileType = sourcecode.swift; path = AppDelegate.swift; sourceTree = "<group>"; };
		ED2923B32C636143006C1251 /* SceneDelegate.swift */ = {isa = PBXFileReference; lastKnownFileType = sourcecode.swift; path = SceneDelegate.swift; sourceTree = "<group>"; };
		ED2923B52C636143006C1251 /* ViewController.swift */ = {isa = PBXFileReference; lastKnownFileType = sourcecode.swift; path = ViewController.swift; sourceTree = "<group>"; };
		ED2923B82C636143006C1251 /* Base */ = {isa = PBXFileReference; lastKnownFileType = file.storyboard; name = Base; path = Base.lproj/Main.storyboard; sourceTree = "<group>"; };
		ED2923BA2C636144006C1251 /* Assets.xcassets */ = {isa = PBXFileReference; lastKnownFileType = folder.assetcatalog; path = Assets.xcassets; sourceTree = "<group>"; };
		ED2923BD2C636144006C1251 /* Base */ = {isa = PBXFileReference; lastKnownFileType = file.storyboard; name = Base; path = Base.lproj/LaunchScreen.storyboard; sourceTree = "<group>"; };
		ED2923BF2C636144006C1251 /* Info.plist */ = {isa = PBXFileReference; lastKnownFileType = text.plist.xml; path = Info.plist; sourceTree = "<group>"; };
		ED2923C42C636144006C1251 /* PhotoAppTests.xctest */ = {isa = PBXFileReference; explicitFileType = wrapper.cfbundle; includeInIndex = 0; path = PhotoAppTests.xctest; sourceTree = BUILT_PRODUCTS_DIR; };
		ED2923E12C6361A4006C1251 /* SignupFormModelValidatorTests.swift */ = {isa = PBXFileReference; lastKnownFileType = sourcecode.swift; path = SignupFormModelValidatorTests.swift; sourceTree = "<group>"; };
		ED2923E32C6362D1006C1251 /* SignupFormModelValidator.swift */ = {isa = PBXFileReference; lastKnownFileType = sourcecode.swift; path = SignupFormModelValidator.swift; sourceTree = "<group>"; };
		ED2923E52C636C3A006C1251 /* SignupConstants.swift */ = {isa = PBXFileReference; lastKnownFileType = sourcecode.swift; path = SignupConstants.swift; sourceTree = "<group>"; };
		ED2923E72C6A0634006C1251 /* SignupWebServiceTests.swift */ = {isa = PBXFileReference; lastKnownFileType = sourcecode.swift; path = SignupWebServiceTests.swift; sourceTree = "<group>"; };
		ED2923E92C6A072C006C1251 /* SignupWebService.swift */ = {isa = PBXFileReference; lastKnownFileType = sourcecode.swift; path = SignupWebService.swift; sourceTree = "<group>"; };
		ED2923EB2C6A0C1E006C1251 /* SignupFormRequestModel.swift */ = {isa = PBXFileReference; lastKnownFileType = sourcecode.swift; path = SignupFormRequestModel.swift; sourceTree = "<group>"; };
		ED2923ED2C6A10AF006C1251 /* SignupResponseModel.swift */ = {isa = PBXFileReference; lastKnownFileType = sourcecode.swift; path = SignupResponseModel.swift; sourceTree = "<group>"; };
		ED2923EF2C6A1624006C1251 /* SignupError.swift */ = {isa = PBXFileReference; lastKnownFileType = sourcecode.swift; path = SignupError.swift; sourceTree = "<group>"; };
		ED2923F82C6BB50B006C1251 /* MockURLProtocol.swift */ = {isa = PBXFileReference; lastKnownFileType = sourcecode.swift; path = MockURLProtocol.swift; sourceTree = "<group>"; };
/* End PBXFileReference section */

/* Begin PBXFrameworksBuildPhase section */
		ED2923AB2C636143006C1251 /* Frameworks */ = {
			isa = PBXFrameworksBuildPhase;
			buildActionMask = 2147483647;
			files = (
			);
			runOnlyForDeploymentPostprocessing = 0;
		};
		ED2923C12C636144006C1251 /* Frameworks */ = {
			isa = PBXFrameworksBuildPhase;
			buildActionMask = 2147483647;
			files = (
			);
			runOnlyForDeploymentPostprocessing = 0;
		};
/* End PBXFrameworksBuildPhase section */

/* Begin PBXGroup section */
		ED2923A52C636143006C1251 = {
			isa = PBXGroup;
			children = (
				ED2923B02C636143006C1251 /* PhotoApp */,
				ED2923C72C636144006C1251 /* PhotoAppTests */,
				ED2923AF2C636143006C1251 /* Products */,
			);
			sourceTree = "<group>";
		};
		ED2923AF2C636143006C1251 /* Products */ = {
			isa = PBXGroup;
			children = (
				ED2923AE2C636143006C1251 /* PhotoApp.app */,
				ED2923C42C636144006C1251 /* PhotoAppTests.xctest */,
			);
			name = Products;
			sourceTree = "<group>";
		};
		ED2923B02C636143006C1251 /* PhotoApp */ = {
			isa = PBXGroup;
			children = (
				ED2923F12C6A16E2006C1251 /* Signup */,
				ED2923B12C636143006C1251 /* AppDelegate.swift */,
				ED2923B32C636143006C1251 /* SceneDelegate.swift */,
				ED2923B72C636143006C1251 /* Main.storyboard */,
				ED2923BA2C636144006C1251 /* Assets.xcassets */,
				ED2923BC2C636144006C1251 /* LaunchScreen.storyboard */,
				ED2923BF2C636144006C1251 /* Info.plist */,
			);
			path = PhotoApp;
			sourceTree = "<group>";
		};
		ED2923C72C636144006C1251 /* PhotoAppTests */ = {
			isa = PBXGroup;
			children = (
				ED2923F52C6A1783006C1251 /* Signup */,
			);
			path = PhotoAppTests;
			sourceTree = "<group>";
		};
		ED2923F12C6A16E2006C1251 /* Signup */ = {
			isa = PBXGroup;
			children = (
				ED2923F42C6A1762006C1251 /* Network */,
				ED2923F32C6A1734006C1251 /* Controllers */,
				ED2923F22C6A16F7006C1251 /* Models */,
			);
			path = Signup;
			sourceTree = "<group>";
		};
		ED2923F22C6A16F7006C1251 /* Models */ = {
			isa = PBXGroup;
			children = (
				ED2923E52C636C3A006C1251 /* SignupConstants.swift */,
				ED2923EB2C6A0C1E006C1251 /* SignupFormRequestModel.swift */,
				ED2923EF2C6A1624006C1251 /* SignupError.swift */,
				ED2923E32C6362D1006C1251 /* SignupFormModelValidator.swift */,
				ED2923ED2C6A10AF006C1251 /* SignupResponseModel.swift */,
			);
			path = Models;
			sourceTree = "<group>";
		};
		ED2923F32C6A1734006C1251 /* Controllers */ = {
			isa = PBXGroup;
			children = (
				ED2923B52C636143006C1251 /* ViewController.swift */,
			);
			path = Controllers;
			sourceTree = "<group>";
		};
		ED2923F42C6A1762006C1251 /* Network */ = {
			isa = PBXGroup;
			children = (
				ED2923E92C6A072C006C1251 /* SignupWebService.swift */,
			);
			path = Network;
			sourceTree = "<group>";
		};
		ED2923F52C6A1783006C1251 /* Signup */ = {
			isa = PBXGroup;
			children = (
				ED2923F72C6A1790006C1251 /* Network */,
				ED2923F62C6A1789006C1251 /* Models */,
				ED2923F82C6BB50B006C1251 /* MockURLProtocol.swift */,
			);
			path = Signup;
			sourceTree = "<group>";
		};
		ED2923F62C6A1789006C1251 /* Models */ = {
			isa = PBXGroup;
			children = (
				ED2923E12C6361A4006C1251 /* SignupFormModelValidatorTests.swift */,
			);
			path = Models;
			sourceTree = "<group>";
		};
		ED2923F72C6A1790006C1251 /* Network */ = {
			isa = PBXGroup;
			children = (
				ED2923E72C6A0634006C1251 /* SignupWebServiceTests.swift */,
			);
			path = Network;
			sourceTree = "<group>";
		};
/* End PBXGroup section */

/* Begin PBXNativeTarget section */
		ED2923AD2C636143006C1251 /* PhotoApp */ = {
			isa = PBXNativeTarget;
			buildConfigurationList = ED2923D82C636144006C1251 /* Build configuration list for PBXNativeTarget "PhotoApp" */;
			buildPhases = (
				ED2923AA2C636143006C1251 /* Sources */,
				ED2923AB2C636143006C1251 /* Frameworks */,
				ED2923AC2C636143006C1251 /* Resources */,
			);
			buildRules = (
			);
			dependencies = (
			);
			name = PhotoApp;
			productName = PhotoApp;
			productReference = ED2923AE2C636143006C1251 /* PhotoApp.app */;
			productType = "com.apple.product-type.application";
		};
		ED2923C32C636144006C1251 /* PhotoAppTests */ = {
			isa = PBXNativeTarget;
			buildConfigurationList = ED2923DB2C636144006C1251 /* Build configuration list for PBXNativeTarget "PhotoAppTests" */;
			buildPhases = (
				ED2923C02C636144006C1251 /* Sources */,
				ED2923C12C636144006C1251 /* Frameworks */,
				ED2923C22C636144006C1251 /* Resources */,
			);
			buildRules = (
			);
			dependencies = (
				ED2923C62C636144006C1251 /* PBXTargetDependency */,
			);
			name = PhotoAppTests;
			productName = PhotoAppTests;
			productReference = ED2923C42C636144006C1251 /* PhotoAppTests.xctest */;
			productType = "com.apple.product-type.bundle.unit-test";
		};
/* End PBXNativeTarget section */

/* Begin PBXProject section */
		ED2923A62C636143006C1251 /* Project object */ = {
			isa = PBXProject;
			attributes = {
				BuildIndependentTargetsInParallel = 1;
				LastSwiftUpdateCheck = 1540;
				LastUpgradeCheck = 1540;
				TargetAttributes = {
					ED2923AD2C636143006C1251 = {
						CreatedOnToolsVersion = 15.4;
					};
					ED2923C32C636144006C1251 = {
						CreatedOnToolsVersion = 15.4;
						TestTargetID = ED2923AD2C636143006C1251;
					};
				};
			};
			buildConfigurationList = ED2923A92C636143006C1251 /* Build configuration list for PBXProject "PhotoApp" */;
			compatibilityVersion = "Xcode 14.0";
			developmentRegion = en;
			hasScannedForEncodings = 0;
			knownRegions = (
				en,
				Base,
			);
			mainGroup = ED2923A52C636143006C1251;
			productRefGroup = ED2923AF2C636143006C1251 /* Products */;
			projectDirPath = "";
			projectRoot = "";
			targets = (
				ED2923AD2C636143006C1251 /* PhotoApp */,
				ED2923C32C636144006C1251 /* PhotoAppTests */,
			);
		};
/* End PBXProject section */

/* Begin PBXResourcesBuildPhase section */
		ED2923AC2C636143006C1251 /* Resources */ = {
			isa = PBXResourcesBuildPhase;
			buildActionMask = 2147483647;
			files = (
				ED2923BB2C636144006C1251 /* Assets.xcassets in Resources */,
				ED2923BE2C636144006C1251 /* Base in Resources */,
				ED2923B92C636143006C1251 /* Base in Resources */,
			);
			runOnlyForDeploymentPostprocessing = 0;
		};
		ED2923C22C636144006C1251 /* Resources */ = {
			isa = PBXResourcesBuildPhase;
			buildActionMask = 2147483647;
			files = (
			);
			runOnlyForDeploymentPostprocessing = 0;
		};
/* End PBXResourcesBuildPhase section */

/* Begin PBXSourcesBuildPhase section */
		ED2923AA2C636143006C1251 /* Sources */ = {
			isa = PBXSourcesBuildPhase;
			buildActionMask = 2147483647;
			files = (
				ED2923B62C636143006C1251 /* ViewController.swift in Sources */,
				ED2923B22C636143006C1251 /* AppDelegate.swift in Sources */,
				ED2923E42C6362D1006C1251 /* SignupFormModelValidator.swift in Sources */,
				ED2923E62C636C3A006C1251 /* SignupConstants.swift in Sources */,
				ED2923F02C6A1624006C1251 /* SignupError.swift in Sources */,
				ED2923EC2C6A0C1E006C1251 /* SignupFormRequestModel.swift in Sources */,
				ED2923EA2C6A072C006C1251 /* SignupWebService.swift in Sources */,
				ED2923B42C636143006C1251 /* SceneDelegate.swift in Sources */,
				ED2923EE2C6A10AF006C1251 /* SignupResponseModel.swift in Sources */,
			);
			runOnlyForDeploymentPostprocessing = 0;
		};
		ED2923C02C636144006C1251 /* Sources */ = {
			isa = PBXSourcesBuildPhase;
			buildActionMask = 2147483647;
			files = (
				ED2923F92C6BB50B006C1251 /* MockURLProtocol.swift in Sources */,
				ED2923E82C6A0634006C1251 /* SignupWebServiceTests.swift in Sources */,
				ED2923E22C6361A4006C1251 /* SignupFormModelValidatorTests.swift in Sources */,
			);
			runOnlyForDeploymentPostprocessing = 0;
		};
/* End PBXSourcesBuildPhase section */

/* Begin PBXTargetDependency section */
		ED2923C62C636144006C1251 /* PBXTargetDependency */ = {
			isa = PBXTargetDependency;
			target = ED2923AD2C636143006C1251 /* PhotoApp */;
			targetProxy = ED2923C52C636144006C1251 /* PBXContainerItemProxy */;
		};
/* End PBXTargetDependency section */

/* Begin PBXVariantGroup section */
		ED2923B72C636143006C1251 /* Main.storyboard */ = {
			isa = PBXVariantGroup;
			children = (
				ED2923B82C636143006C1251 /* Base */,
			);
			name = Main.storyboard;
			sourceTree = "<group>";
		};
		ED2923BC2C636144006C1251 /* LaunchScreen.storyboard */ = {
			isa = PBXVariantGroup;
			children = (
				ED2923BD2C636144006C1251 /* Base */,
			);
			name = LaunchScreen.storyboard;
			sourceTree = "<group>";
		};
/* End PBXVariantGroup section */

/* Begin XCBuildConfiguration section */
		ED2923D62C636144006C1251 /* Debug */ = {
			isa = XCBuildConfiguration;
			buildSettings = {
				ALWAYS_SEARCH_USER_PATHS = NO;
				ASSETCATALOG_COMPILER_GENERATE_SWIFT_ASSET_SYMBOL_EXTENSIONS = YES;
				CLANG_ANALYZER_NONNULL = YES;
				CLANG_ANALYZER_NUMBER_OBJECT_CONVERSION = YES_AGGRESSIVE;
				CLANG_CXX_LANGUAGE_STANDARD = "gnu++20";
				CLANG_ENABLE_MODULES = YES;
				CLANG_ENABLE_OBJC_ARC = YES;
				CLANG_ENABLE_OBJC_WEAK = YES;
				CLANG_WARN_BLOCK_CAPTURE_AUTORELEASING = YES;
				CLANG_WARN_BOOL_CONVERSION = YES;
				CLANG_WARN_COMMA = YES;
				CLANG_WARN_CONSTANT_CONVERSION = YES;
				CLANG_WARN_DEPRECATED_OBJC_IMPLEMENTATIONS = YES;
				CLANG_WARN_DIRECT_OBJC_ISA_USAGE = YES_ERROR;
				CLANG_WARN_DOCUMENTATION_COMMENTS = YES;
				CLANG_WARN_EMPTY_BODY = YES;
				CLANG_WARN_ENUM_CONVERSION = YES;
				CLANG_WARN_INFINITE_RECURSION = YES;
				CLANG_WARN_INT_CONVERSION = YES;
				CLANG_WARN_NON_LITERAL_NULL_CONVERSION = YES;
				CLANG_WARN_OBJC_IMPLICIT_RETAIN_SELF = YES;
				CLANG_WARN_OBJC_LITERAL_CONVERSION = YES;
				CLANG_WARN_OBJC_ROOT_CLASS = YES_ERROR;
				CLANG_WARN_QUOTED_INCLUDE_IN_FRAMEWORK_HEADER = YES;
				CLANG_WARN_RANGE_LOOP_ANALYSIS = YES;
				CLANG_WARN_STRICT_PROTOTYPES = YES;
				CLANG_WARN_SUSPICIOUS_MOVE = YES;
				CLANG_WARN_UNGUARDED_AVAILABILITY = YES_AGGRESSIVE;
				CLANG_WARN_UNREACHABLE_CODE = YES;
				CLANG_WARN__DUPLICATE_METHOD_MATCH = YES;
				COPY_PHASE_STRIP = NO;
				DEBUG_INFORMATION_FORMAT = dwarf;
				ENABLE_STRICT_OBJC_MSGSEND = YES;
				ENABLE_TESTABILITY = YES;
				ENABLE_USER_SCRIPT_SANDBOXING = YES;
				GCC_C_LANGUAGE_STANDARD = gnu17;
				GCC_DYNAMIC_NO_PIC = NO;
				GCC_NO_COMMON_BLOCKS = YES;
				GCC_OPTIMIZATION_LEVEL = 0;
				GCC_PREPROCESSOR_DEFINITIONS = (
					"DEBUG=1",
					"$(inherited)",
				);
				GCC_WARN_64_TO_32_BIT_CONVERSION = YES;
				GCC_WARN_ABOUT_RETURN_TYPE = YES_ERROR;
				GCC_WARN_UNDECLARED_SELECTOR = YES;
				GCC_WARN_UNINITIALIZED_AUTOS = YES_AGGRESSIVE;
				GCC_WARN_UNUSED_FUNCTION = YES;
				GCC_WARN_UNUSED_VARIABLE = YES;
				IPHONEOS_DEPLOYMENT_TARGET = 17.5;
				LOCALIZATION_PREFERS_STRING_CATALOGS = YES;
				MTL_ENABLE_DEBUG_INFO = INCLUDE_SOURCE;
				MTL_FAST_MATH = YES;
				ONLY_ACTIVE_ARCH = YES;
				SDKROOT = iphoneos;
				SWIFT_ACTIVE_COMPILATION_CONDITIONS = "DEBUG $(inherited)";
				SWIFT_OPTIMIZATION_LEVEL = "-Onone";
			};
			name = Debug;
		};
		ED2923D72C636144006C1251 /* Release */ = {
			isa = XCBuildConfiguration;
			buildSettings = {
				ALWAYS_SEARCH_USER_PATHS = NO;
				ASSETCATALOG_COMPILER_GENERATE_SWIFT_ASSET_SYMBOL_EXTENSIONS = YES;
				CLANG_ANALYZER_NONNULL = YES;
				CLANG_ANALYZER_NUMBER_OBJECT_CONVERSION = YES_AGGRESSIVE;
				CLANG_CXX_LANGUAGE_STANDARD = "gnu++20";
				CLANG_ENABLE_MODULES = YES;
				CLANG_ENABLE_OBJC_ARC = YES;
				CLANG_ENABLE_OBJC_WEAK = YES;
				CLANG_WARN_BLOCK_CAPTURE_AUTORELEASING = YES;
				CLANG_WARN_BOOL_CONVERSION = YES;
				CLANG_WARN_COMMA = YES;
				CLANG_WARN_CONSTANT_CONVERSION = YES;
				CLANG_WARN_DEPRECATED_OBJC_IMPLEMENTATIONS = YES;
				CLANG_WARN_DIRECT_OBJC_ISA_USAGE = YES_ERROR;
				CLANG_WARN_DOCUMENTATION_COMMENTS = YES;
				CLANG_WARN_EMPTY_BODY = YES;
				CLANG_WARN_ENUM_CONVERSION = YES;
				CLANG_WARN_INFINITE_RECURSION = YES;
				CLANG_WARN_INT_CONVERSION = YES;
				CLANG_WARN_NON_LITERAL_NULL_CONVERSION = YES;
				CLANG_WARN_OBJC_IMPLICIT_RETAIN_SELF = YES;
				CLANG_WARN_OBJC_LITERAL_CONVERSION = YES;
				CLANG_WARN_OBJC_ROOT_CLASS = YES_ERROR;
				CLANG_WARN_QUOTED_INCLUDE_IN_FRAMEWORK_HEADER = YES;
				CLANG_WARN_RANGE_LOOP_ANALYSIS = YES;
				CLANG_WARN_STRICT_PROTOTYPES = YES;
				CLANG_WARN_SUSPICIOUS_MOVE = YES;
				CLANG_WARN_UNGUARDED_AVAILABILITY = YES_AGGRESSIVE;
				CLANG_WARN_UNREACHABLE_CODE = YES;
				CLANG_WARN__DUPLICATE_METHOD_MATCH = YES;
				COPY_PHASE_STRIP = NO;
				DEBUG_INFORMATION_FORMAT = "dwarf-with-dsym";
				ENABLE_NS_ASSERTIONS = NO;
				ENABLE_STRICT_OBJC_MSGSEND = YES;
				ENABLE_USER_SCRIPT_SANDBOXING = YES;
				GCC_C_LANGUAGE_STANDARD = gnu17;
				GCC_NO_COMMON_BLOCKS = YES;
				GCC_WARN_64_TO_32_BIT_CONVERSION = YES;
				GCC_WARN_ABOUT_RETURN_TYPE = YES_ERROR;
				GCC_WARN_UNDECLARED_SELECTOR = YES;
				GCC_WARN_UNINITIALIZED_AUTOS = YES_AGGRESSIVE;
				GCC_WARN_UNUSED_FUNCTION = YES;
				GCC_WARN_UNUSED_VARIABLE = YES;
				IPHONEOS_DEPLOYMENT_TARGET = 17.5;
				LOCALIZATION_PREFERS_STRING_CATALOGS = YES;
				MTL_ENABLE_DEBUG_INFO = NO;
				MTL_FAST_MATH = YES;
				SDKROOT = iphoneos;
				SWIFT_COMPILATION_MODE = wholemodule;
				VALIDATE_PRODUCT = YES;
			};
			name = Release;
		};
		ED2923D92C636144006C1251 /* Debug */ = {
			isa = XCBuildConfiguration;
			buildSettings = {
				ASSETCATALOG_COMPILER_APPICON_NAME = AppIcon;
				ASSETCATALOG_COMPILER_GLOBAL_ACCENT_COLOR_NAME = AccentColor;
				CODE_SIGN_STYLE = Automatic;
				CURRENT_PROJECT_VERSION = 1;
				DEVELOPMENT_TEAM = 44XMN6DBXH;
				GENERATE_INFOPLIST_FILE = YES;
				INFOPLIST_FILE = PhotoApp/Info.plist;
				INFOPLIST_KEY_UIApplicationSupportsIndirectInputEvents = YES;
				INFOPLIST_KEY_UILaunchStoryboardName = LaunchScreen;
				INFOPLIST_KEY_UIMainStoryboardFile = Main;
				INFOPLIST_KEY_UISupportedInterfaceOrientations_iPad = "UIInterfaceOrientationPortrait UIInterfaceOrientationPortraitUpsideDown UIInterfaceOrientationLandscapeLeft UIInterfaceOrientationLandscapeRight";
				INFOPLIST_KEY_UISupportedInterfaceOrientations_iPhone = "UIInterfaceOrientationPortrait UIInterfaceOrientationLandscapeLeft UIInterfaceOrientationLandscapeRight";
				LD_RUNPATH_SEARCH_PATHS = (
					"$(inherited)",
					"@executable_path/Frameworks",
				);
				MARKETING_VERSION = 1.0;
				PRODUCT_BUNDLE_IDENTIFIER = com.leralubiteklery.PhotoApp;
				PRODUCT_NAME = "$(TARGET_NAME)";
				SWIFT_EMIT_LOC_STRINGS = YES;
				SWIFT_VERSION = 5.0;
				TARGETED_DEVICE_FAMILY = "1,2";
			};
			name = Debug;
		};
		ED2923DA2C636144006C1251 /* Release */ = {
			isa = XCBuildConfiguration;
			buildSettings = {
				ASSETCATALOG_COMPILER_APPICON_NAME = AppIcon;
				ASSETCATALOG_COMPILER_GLOBAL_ACCENT_COLOR_NAME = AccentColor;
				CODE_SIGN_STYLE = Automatic;
				CURRENT_PROJECT_VERSION = 1;
				DEVELOPMENT_TEAM = 44XMN6DBXH;
				GENERATE_INFOPLIST_FILE = YES;
				INFOPLIST_FILE = PhotoApp/Info.plist;
				INFOPLIST_KEY_UIApplicationSupportsIndirectInputEvents = YES;
				INFOPLIST_KEY_UILaunchStoryboardName = LaunchScreen;
				INFOPLIST_KEY_UIMainStoryboardFile = Main;
				INFOPLIST_KEY_UISupportedInterfaceOrientations_iPad = "UIInterfaceOrientationPortrait UIInterfaceOrientationPortraitUpsideDown UIInterfaceOrientationLandscapeLeft UIInterfaceOrientationLandscapeRight";
				INFOPLIST_KEY_UISupportedInterfaceOrientations_iPhone = "UIInterfaceOrientationPortrait UIInterfaceOrientationLandscapeLeft UIInterfaceOrientationLandscapeRight";
				LD_RUNPATH_SEARCH_PATHS = (
					"$(inherited)",
					"@executable_path/Frameworks",
				);
				MARKETING_VERSION = 1.0;
				PRODUCT_BUNDLE_IDENTIFIER = com.leralubiteklery.PhotoApp;
				PRODUCT_NAME = "$(TARGET_NAME)";
				SWIFT_EMIT_LOC_STRINGS = YES;
				SWIFT_VERSION = 5.0;
				TARGETED_DEVICE_FAMILY = "1,2";
			};
			name = Release;
		};
		ED2923DC2C636144006C1251 /* Debug */ = {
			isa = XCBuildConfiguration;
			buildSettings = {
				ALWAYS_EMBED_SWIFT_STANDARD_LIBRARIES = YES;
				BUNDLE_LOADER = "$(TEST_HOST)";
				CODE_SIGN_STYLE = Automatic;
				CURRENT_PROJECT_VERSION = 1;
				DEVELOPMENT_TEAM = 44XMN6DBXH;
				GENERATE_INFOPLIST_FILE = YES;
				IPHONEOS_DEPLOYMENT_TARGET = 17.5;
				MARKETING_VERSION = 1.0;
				PRODUCT_BUNDLE_IDENTIFIER = com.leralubiteklery.PhotoAppTests;
				PRODUCT_NAME = "$(TARGET_NAME)";
				SWIFT_EMIT_LOC_STRINGS = NO;
				SWIFT_VERSION = 5.0;
				TARGETED_DEVICE_FAMILY = "1,2";
				TEST_HOST = "$(BUILT_PRODUCTS_DIR)/PhotoApp.app/$(BUNDLE_EXECUTABLE_FOLDER_PATH)/PhotoApp";
			};
			name = Debug;
		};
		ED2923DD2C636144006C1251 /* Release */ = {
			isa = XCBuildConfiguration;
			buildSettings = {
				ALWAYS_EMBED_SWIFT_STANDARD_LIBRARIES = YES;
				BUNDLE_LOADER = "$(TEST_HOST)";
				CODE_SIGN_STYLE = Automatic;
				CURRENT_PROJECT_VERSION = 1;
				DEVELOPMENT_TEAM = 44XMN6DBXH;
				GENERATE_INFOPLIST_FILE = YES;
				IPHONEOS_DEPLOYMENT_TARGET = 17.5;
				MARKETING_VERSION = 1.0;
				PRODUCT_BUNDLE_IDENTIFIER = com.leralubiteklery.PhotoAppTests;
				PRODUCT_NAME = "$(TARGET_NAME)";
				SWIFT_EMIT_LOC_STRINGS = NO;
				SWIFT_VERSION = 5.0;
				TARGETED_DEVICE_FAMILY = "1,2";
				TEST_HOST = "$(BUILT_PRODUCTS_DIR)/PhotoApp.app/$(BUNDLE_EXECUTABLE_FOLDER_PATH)/PhotoApp";
			};
			name = Release;
		};
/* End XCBuildConfiguration section */

/* Begin XCConfigurationList section */
		ED2923A92C636143006C1251 /* Build configuration list for PBXProject "PhotoApp" */ = {
			isa = XCConfigurationList;
			buildConfigurations = (
				ED2923D62C636144006C1251 /* Debug */,
				ED2923D72C636144006C1251 /* Release */,
			);
			defaultConfigurationIsVisible = 0;
			defaultConfigurationName = Release;
		};
		ED2923D82C636144006C1251 /* Build configuration list for PBXNativeTarget "PhotoApp" */ = {
			isa = XCConfigurationList;
			buildConfigurations = (
				ED2923D92C636144006C1251 /* Debug */,
				ED2923DA2C636144006C1251 /* Release */,
			);
			defaultConfigurationIsVisible = 0;
			defaultConfigurationName = Release;
		};
		ED2923DB2C636144006C1251 /* Build configuration list for PBXNativeTarget "PhotoAppTests" */ = {
			isa = XCConfigurationList;
			buildConfigurations = (
				ED2923DC2C636144006C1251 /* Debug */,
				ED2923DD2C636144006C1251 /* Release */,
			);
			defaultConfigurationIsVisible = 0;
			defaultConfigurationName = Release;
		};
/* End XCConfigurationList section */
	};
	rootObject = ED2923A62C636143006C1251 /* Project object */;
}
